
Microsoft Visual Studio Solution File, Format Version 12.00
# Visual Studio Version 16
VisualStudioVersion = 16.0.30406.217
MinimumVisualStudioVersion = 10.0.40219.1
Project("{9A19103F-16F7-4668-BE54-9A1E7A4F7556}") = "CTLite.Data.MicrosoftSqlServer", "CT.Data.MicrosoftSqlServer\CTLite.Data.MicrosoftSqlServer.csproj", "{95F0907D-5452-4DD0-820C-7175891DEBC6}"
EndProject
Project("{9A19103F-16F7-4668-BE54-9A1E7A4F7556}") = "CTLiteDemo.Model", "CTLiteDemo.Blog.Model\CTLiteDemo.Model.csproj", "{A2212C29-42FE-4C27-B102-641B546D7D24}"
EndProject
Project("{9A19103F-16F7-4668-BE54-9A1E7A4F7556}") = "CTLiteDemo.Presentation", "CTLiteDemo.Blog.Presentation\CTLiteDemo.Presentation.csproj", "{5D45EFD9-0C6D-47D1-9321-77FEBC01D522}"
EndProject
Project("{9A19103F-16F7-4668-BE54-9A1E7A4F7556}") = "CTLiteDemo.WebApi", "CTLiteDemo.Blog.WebApi\CTLiteDemo.WebApi.csproj", "{F25C246F-D365-4FE1-9D37-7DCD4A1AE5C4}"
EndProject
Project("{9A19103F-16F7-4668-BE54-9A1E7A4F7556}") = "CTLiteDemo.Service", "CTLiteDemo.Service\CTLiteDemo.Service.csproj", "{3C64C8BE-46EE-4DBC-AC44-815577E61A47}"
EndProject
Project("{9A19103F-16F7-4668-BE54-9A1E7A4F7556}") = "CTLiteDemo.Test", "CTLiteDemo.Test\CTLiteDemo.Test.csproj", "{5A141E02-1779-45BD-A9FB-528862FEAA4A}"
EndProject
Project("{9A19103F-16F7-4668-BE54-9A1E7A4F7556}") = "CTLite.AspNetCore", "CTLite.AspNetCore\CTLite.AspNetCore.csproj", "{809C0D4C-22E4-4882-AC53-9246ADE11D56}"
EndProject
Project("{9A19103F-16F7-4668-BE54-9A1E7A4F7556}") = "CTLite", "CTLite\CTLite.csproj", "{BFC5721E-8124-4391-9090-527E434BBBD4}"
EndProject
Project("{9A19103F-16F7-4668-BE54-9A1E7A4F7556}") = "CTLite.Tools.CTGen", "CTLite.Tools.CTGen\CTLite.Tools.CTGen.csproj", "{94E2D5BA-4C2A-47C1-AD9D-2E11BC5E4826}"
EndProject
Project("{2150E333-8FDC-42A3-9474-1A3956D46DE8}") = "Solution Items", "Solution Items", "{CEDE8C01-8BAC-4362-A0F9-4523F27B7322}"
	ProjectSection(SolutionItems) = preProject
		CTLiteLogo.png = CTLiteLogo.png
		DomainModel.png = DomainModel.png
		LICENSE = LICENSE
		ModelProjectExpanded.png = ModelProjectExpanded.png
		NorthwindSolution.png = NorthwindSolution.png
		README.md = README.md
	EndProjectSection
EndProject
Global
	GlobalSection(SolutionConfigurationPlatforms) = preSolution
		Debug|Any CPU = Debug|Any CPU
		Release|Any CPU = Release|Any CPU
	EndGlobalSection
	GlobalSection(ProjectConfigurationPlatforms) = postSolution
		{95F0907D-5452-4DD0-820C-7175891DEBC6}.Debug|Any CPU.ActiveCfg = Debug|Any CPU
		{95F0907D-5452-4DD0-820C-7175891DEBC6}.Debug|Any CPU.Build.0 = Debug|Any CPU
		{95F0907D-5452-4DD0-820C-7175891DEBC6}.Release|Any CPU.ActiveCfg = Release|Any CPU
		{95F0907D-5452-4DD0-820C-7175891DEBC6}.Release|Any CPU.Build.0 = Release|Any CPU
		{A2212C29-42FE-4C27-B102-641B546D7D24}.Debug|Any CPU.ActiveCfg = Debug|Any CPU
		{A2212C29-42FE-4C27-B102-641B546D7D24}.Debug|Any CPU.Build.0 = Debug|Any CPU
		{A2212C29-42FE-4C27-B102-641B546D7D24}.Release|Any CPU.ActiveCfg = Release|Any CPU
		{A2212C29-42FE-4C27-B102-641B546D7D24}.Release|Any CPU.Build.0 = Release|Any CPU
		{5D45EFD9-0C6D-47D1-9321-77FEBC01D522}.Debug|Any CPU.ActiveCfg = Debug|Any CPU
		{5D45EFD9-0C6D-47D1-9321-77FEBC01D522}.Debug|Any CPU.Build.0 = Debug|Any CPU
		{5D45EFD9-0C6D-47D1-9321-77FEBC01D522}.Release|Any CPU.ActiveCfg = Release|Any CPU
		{5D45EFD9-0C6D-47D1-9321-77FEBC01D522}.Release|Any CPU.Build.0 = Release|Any CPU
		{F25C246F-D365-4FE1-9D37-7DCD4A1AE5C4}.Debug|Any CPU.ActiveCfg = Debug|Any CPU
		{F25C246F-D365-4FE1-9D37-7DCD4A1AE5C4}.Debug|Any CPU.Build.0 = Debug|Any CPU
		{F25C246F-D365-4FE1-9D37-7DCD4A1AE5C4}.Release|Any CPU.ActiveCfg = Release|Any CPU
		{F25C246F-D365-4FE1-9D37-7DCD4A1AE5C4}.Release|Any CPU.Build.0 = Release|Any CPU
		{3C64C8BE-46EE-4DBC-AC44-815577E61A47}.Debug|Any CPU.ActiveCfg = Debug|Any CPU
		{3C64C8BE-46EE-4DBC-AC44-815577E61A47}.Debug|Any CPU.Build.0 = Debug|Any CPU
		{3C64C8BE-46EE-4DBC-AC44-815577E61A47}.Release|Any CPU.ActiveCfg = Release|Any CPU
		{3C64C8BE-46EE-4DBC-AC44-815577E61A47}.Release|Any CPU.Build.0 = Release|Any CPU
		{5A141E02-1779-45BD-A9FB-528862FEAA4A}.Debug|Any CPU.ActiveCfg = Debug|Any CPU
		{5A141E02-1779-45BD-A9FB-528862FEAA4A}.Debug|Any CPU.Build.0 = Debug|Any CPU
		{5A141E02-1779-45BD-A9FB-528862FEAA4A}.Release|Any CPU.ActiveCfg = Release|Any CPU
		{5A141E02-1779-45BD-A9FB-528862FEAA4A}.Release|Any CPU.Build.0 = Release|Any CPU
		{809C0D4C-22E4-4882-AC53-9246ADE11D56}.Debug|Any CPU.ActiveCfg = Debug|Any CPU
		{809C0D4C-22E4-4882-AC53-9246ADE11D56}.Debug|Any CPU.Build.0 = Debug|Any CPU
		{809C0D4C-22E4-4882-AC53-9246ADE11D56}.Release|Any CPU.ActiveCfg = Release|Any CPU
		{809C0D4C-22E4-4882-AC53-9246ADE11D56}.Release|Any CPU.Build.0 = Release|Any CPU
		{BFC5721E-8124-4391-9090-527E434BBBD4}.Debug|Any CPU.ActiveCfg = Debug|Any CPU
		{BFC5721E-8124-4391-9090-527E434BBBD4}.Debug|Any CPU.Build.0 = Debug|Any CPU
		{BFC5721E-8124-4391-9090-527E434BBBD4}.Release|Any CPU.ActiveCfg = Release|Any CPU
		{BFC5721E-8124-4391-9090-527E434BBBD4}.Release|Any CPU.Build.0 = Release|Any CPU
		{94E2D5BA-4C2A-47C1-AD9D-2E11BC5E4826}.Debug|Any CPU.ActiveCfg = Debug|Any CPU
		{94E2D5BA-4C2A-47C1-AD9D-2E11BC5E4826}.Debug|Any CPU.Build.0 = Debug|Any CPU
		{94E2D5BA-4C2A-47C1-AD9D-2E11BC5E4826}.Release|Any CPU.ActiveCfg = Release|Any CPU
		{94E2D5BA-4C2A-47C1-AD9D-2E11BC5E4826}.Release|Any CPU.Build.0 = Release|Any CPU
	EndGlobalSection
	GlobalSection(SolutionProperties) = preSolution
		HideSolutionNode = FALSE
	EndGlobalSection
	GlobalSection(ExtensibilityGlobals) = postSolution
		SolutionGuid = {CBBFFBD3-B775-4D6F-B08A-333906C21BFF}
	EndGlobalSection
EndGlobal
